
Microsoft Visual Studio Solution File, Format Version 12.00
# Visual Studio Version 17
VisualStudioVersion = 17.11.35312.102
MinimumVisualStudioVersion = 10.0.40219.1
Project("{9A19103F-16F7-4668-BE54-9A1E7A4F7556}") = "Concurrency Utilities", "Concurrency Utilities\Concurrency Utilities.csproj", "{3D1BC7A2-68E2-49ED-9366-03B65A84DD17}"
EndProject
Project("{FAE04EC0-301F-11D3-BF4B-00C04F79EFBC}") = "ConcurrencyUtilities.Tests", "ConcurrencyUtilities.Tests\ConcurrencyUtilities.Tests.csproj", "{0E7EB179-C010-431A-9620-9CDD0DC70917}"
EndProject
Global
	GlobalSection(SolutionConfigurationPlatforms) = preSolution
		Debug|Any CPU = Debug|Any CPU
		Release|Any CPU = Release|Any CPU
	EndGlobalSection
	GlobalSection(ProjectConfigurationPlatforms) = postSolution
		{3D1BC7A2-68E2-49ED-9366-03B65A84DD17}.Debug|Any CPU.ActiveCfg = Debug|Any CPU
		{3D1BC7A2-68E2-49ED-9366-03B65A84DD17}.Debug|Any CPU.Build.0 = Debug|Any CPU
		{3D1BC7A2-68E2-49ED-9366-03B65A84DD17}.Release|Any CPU.ActiveCfg = Release|Any CPU
		{3D1BC7A2-68E2-49ED-9366-03B65A84DD17}.Release|Any CPU.Build.0 = Release|Any CPU
		{0E7EB179-C010-431A-9620-9CDD0DC70917}.Debug|Any CPU.ActiveCfg = Debug|Any CPU
		{0E7EB179-C010-431A-9620-9CDD0DC70917}.Debug|Any CPU.Build.0 = Debug|Any CPU
		{0E7EB179-C010-431A-9620-9CDD0DC70917}.Release|Any CPU.ActiveCfg = Release|Any CPU
		{0E7EB179-C010-431A-9620-9CDD0DC70917}.Release|Any CPU.Build.0 = Release|Any CPU
	EndGlobalSection
	GlobalSection(SolutionProperties) = preSolution
		HideSolutionNode = FALSE
	EndGlobalSection
	GlobalSection(ExtensibilityGlobals) = postSolution
		SolutionGuid = {B478F161-200A-4832-A06E-703A3008894C}
	EndGlobalSection
EndGlobal
